
Microsoft Visual Studio Solution File, Format Version 12.00
# Visual Studio Version 16
VisualStudioVersion = 16.0.29806.167
MinimumVisualStudioVersion = 10.0.40219.1
Project("{FAE04EC0-301F-11D3-BF4B-00C04F79EFBC}") = "scan.Android", "scan\scan.Android\scan.Android.csproj", "{35E5F7E7-D116-47D0-BD8D-D5E8F62E0B24}"
EndProject
Project("{FAE04EC0-301F-11D3-BF4B-00C04F79EFBC}") = "scan", "scan\scan\scan.csproj", "{614F923F-240F-4168-9843-C21347079632}"
EndProject
Global
	GlobalSection(SolutionConfigurationPlatforms) = preSolution
		Debug|Any CPU = Debug|Any CPU
		Release|Any CPU = Release|Any CPU
	EndGlobalSection
	GlobalSection(ProjectConfigurationPlatforms) = postSolution
		{35E5F7E7-D116-47D0-BD8D-D5E8F62E0B24}.Debug|Any CPU.ActiveCfg = Debug|Any CPU
		{35E5F7E7-D116-47D0-BD8D-D5E8F62E0B24}.Debug|Any CPU.Build.0 = Debug|Any CPU
		{35E5F7E7-D116-47D0-BD8D-D5E8F62E0B24}.Debug|Any CPU.Deploy.0 = Debug|Any CPU
		{35E5F7E7-D116-47D0-BD8D-D5E8F62E0B24}.Release|Any CPU.ActiveCfg = Release|Any CPU
		{35E5F7E7-D116-47D0-BD8D-D5E8F62E0B24}.Release|Any CPU.Build.0 = Release|Any CPU
		{35E5F7E7-D116-47D0-BD8D-D5E8F62E0B24}.Release|Any CPU.Deploy.0 = Release|Any CPU
		{614F923F-240F-4168-9843-C21347079632}.Debug|Any CPU.ActiveCfg = Debug|Any CPU
		{614F923F-240F-4168-9843-C21347079632}.Debug|Any CPU.Build.0 = Debug|Any CPU
		{614F923F-240F-4168-9843-C21347079632}.Debug|Any CPU.Deploy.0 = Debug|Any CPU
		{614F923F-240F-4168-9843-C21347079632}.Release|Any CPU.ActiveCfg = Release|Any CPU
		{614F923F-240F-4168-9843-C21347079632}.Release|Any CPU.Build.0 = Release|Any CPU
		{614F923F-240F-4168-9843-C21347079632}.Release|Any CPU.Deploy.0 = Release|Any CPU
	EndGlobalSection
	GlobalSection(SolutionProperties) = preSolution
		HideSolutionNode = FALSE
	EndGlobalSection
	GlobalSection(ExtensibilityGlobals) = postSolution
		SolutionGuid = {5AD57563-CA6D-4865-BCFC-7A5432C75763}
	EndGlobalSection
EndGlobal
